{
  "version": 4,
  "terraform_version": "1.3.7",
  "serial": 9,
  "lineage": "06d8cfae-83b8-68ce-852c-1a663543affd",
  "outputs": {},
  "resources": [
    {
      "mode": "managed",
      "type": "aws_instance",
      "name": "intro",
      "provider": "provider[\"registry.terraform.io/hashicorp/aws\"]",
      "instances": [
        {
          "schema_version": 1,
          "attributes": {
            "ami": "ami-0b5eea76982371e91",
            "arn": "arn:aws:ec2:us-east-1:866986653588:instance/i-0bf031717522747ad",
            "associate_public_ip_address": true,
            "availability_zone": "us-east-1a",
            "capacity_reservation_specification": [
              {
                "capacity_reservation_preference": "open",
                "capacity_reservation_target": []
              }
            ],
            "cpu_core_count": 1,
            "cpu_threads_per_core": 1,
            "credit_specification": [
              {
                "cpu_credits": "standard"
              }
            ],
            "disable_api_stop": false,
            "disable_api_termination": false,
            "ebs_block_device": [],
            "ebs_optimized": false,
            "enclave_options": [
              {
                "enabled": false
              }
            ],
            "ephemeral_block_device": [],
            "get_password_data": false,
            "hibernation": false,
            "host_id": null,
            "host_resource_group_arn": null,
            "iam_instance_profile": "",
            "id": "i-0bf031717522747ad",
            "instance_initiated_shutdown_behavior": "stop",
            "instance_state": "running",
            "instance_type": "t2.micro",
            "ipv6_address_count": 0,
            "ipv6_addresses": [],
            "key_name": "dovekey",
            "launch_template": [],
            "maintenance_options": [
              {
                "auto_recovery": "default"
              }
            ],
            "metadata_options": [
              {
                "http_endpoint": "enabled",
                "http_put_response_hop_limit": 1,
                "http_tokens": "optional",
                "instance_metadata_tags": "disabled"
              }
            ],
            "monitoring": false,
            "network_interface": [],
            "outpost_arn": "",
            "password_data": "",
            "placement_group": "",
            "placement_partition_number": null,
            "primary_network_interface_id": "eni-0c13a57fde265f05b",
            "private_dns": "ip-172-31-95-170.ec2.internal",
            "private_dns_name_options": [
              {
                "enable_resource_name_dns_a_record": false,
                "enable_resource_name_dns_aaaa_record": false,
                "hostname_type": "ip-name"
              }
            ],
            "private_ip": "172.31.95.170",
            "public_dns": "ec2-34-227-17-88.compute-1.amazonaws.com",
            "public_ip": "34.227.17.88",
            "root_block_device": [
              {
                "delete_on_termination": true,
                "device_name": "/dev/xvda",
                "encrypted": false,
                "iops": 100,
                "kms_key_id": "",
                "tags": {},
                "throughput": 0,
                "volume_id": "vol-0c7171e32c2442aa3",
                "volume_size": 8,
                "volume_type": "gp2"
              }
            ],
            "secondary_private_ips": [],
            "security_groups": [
              "jenkins-SG"
            ],
            "source_dest_check": true,
            "subnet_id": "subnet-0224525fa3dc48e00",
            "tags": {
              "Name": "dove-instance",
              "Project": "dove-updated"
            },
            "tags_all": {
              "Name": "dove-instance",
              "Project": "dove-updated"
            },
            "tenancy": "default",
            "timeouts": null,
            "user_data": null,
            "user_data_base64": null,
            "user_data_replace_on_change": false,
            "volume_tags": null,
            "vpc_security_group_ids": [
              "sg-0db946f387f1da101"
            ]
          },
          "sensitive_attributes": [],
          "private": "eyJlMmJmYjczMC1lY2FhLTExZTYtOGY4OC0zNDM2M2JjN2M0YzAiOnsiY3JlYXRlIjo2MDAwMDAwMDAwMDAsImRlbGV0ZSI6MTIwMDAwMDAwMDAwMCwidXBkYXRlIjo2MDAwMDAwMDAwMDB9LCJzY2hlbWFfdmVyc2lvbiI6IjEifQ==",
          "dependencies": [
            "aws_key_pair.dove-key"
          ]
        }
      ]
    },
    {
      "mode": "managed",
      "type": "aws_key_pair",
      "name": "dove-key",
      "provider": "provider[\"registry.terraform.io/hashicorp/aws\"]",
      "instances": [
        {
          "schema_version": 1,
          "attributes": {
            "arn": "arn:aws:ec2:us-east-1:866986653588:key-pair/dovekey",
            "fingerprint": "c8:a5:eb:53:5d:89:c5:56:7e:09:99:b1:7b:36:b6:87",
            "id": "dovekey",
            "key_name": "dovekey",
            "key_name_prefix": "",
            "key_pair_id": "key-0d2a91556fdec8b66",
            "key_type": "rsa",
            "public_key": "ssh-rsa AAAAB3NzaC1yc2EAAAADAQABAAABgQCyzQXrD0yDtnYu5f232+Hnwdz6efS00OAPE9tKKjgTDmssWgaFLUv1bCeh6VxWyuKGpXiFnuf11Btp5AdZZqK3gp9UIFqkaUBHOZXGaJeq15KBkO2f4alOa8FzTCGQAo+uXNlwQXL+XpoMMQhNXZP4SDZem36idRkQ4Zou1vb1l1/kr2NwtMMaTT+eU5V/r6+1eBv5UU326gWrbIus2evx86HzFnVP8B+cfLCqvCVVGFC5OyEBbusA0XAf3Y3yadn9addoaBLL8xFlMIKGswRKWbZGs40fo62+nKpX0a8F0uzVk/PyknjPDSH+mDN4TPh7SaIOgphl2UOuBaiLLRfVsUca1BC2Lb1w/0N9GrpmMCSmDyUjr3Z0XE1Vo3fF7lvDCySGlsO5fQFaDK4x9YfOoSFtnUGgdiURA6hmVZILCjDPQ/hr0ugr0kLfl3y97Svf7M0EAirX7lbxuM/D0zY39Li6DsbgjUq4dMIYJ3jsyWzi0NzrMAVSEgWqXEnsxQU= user@DESKTOP-J1T204F",
            "tags": null,
            "tags_all": {}
          },
          "sensitive_attributes": [],
          "private": "eyJzY2hlbWFfdmVyc2lvbiI6IjEifQ=="
        }
      ]
    }
  ],
  "check_results": null
}
